uuid: 298b11b1-22dd-4a88-a616-d95098c81f0e
langcode: en
status: true
dependencies:
  config:
    - contact.form.my_custom_form
  module:
    - contact_block
  theme:
    - bartik
id: contactblock
theme: bartik
region: sidebar_second
weight: -11
provider: null
plugin: contact_block
settings:
  id: contact_block
  label: 'Contact block'
  provider: contact_block
  label_display: '0'
  contact_form: my_custom_form
visibility: {  }
